# This file was autogenerated by uv via the following command:
#    uv export --frozen --extra arrays --no-emit-project --no-hashes --output-file requirements-arrays.lock
numpy==2.5.3
    # via
    #   pandas
    #   ultracomplexmath
    #   xarray
packaging==26.3
    # via xarray
pandas==3.0.6
    # via xarray
python-dateutil==2.9.0.post0
    # via pandas
six==1.17.0
    # via python-dateutil
tzdata==2026.5 ; sys_platform == 'emscripten' or sys_platform == 'win32'
    # via pandas
xarray==2026.9.0
    # via ultracomplexmath
